
Microsoft Visual Studio Solution File, Format Version 12.00
# Visual Studio Version 16
VisualStudioVersion = 16.0.30621.155
MinimumVisualStudioVersion = 10.0.40219.1
Project("{FAE04EC0-301F-11D3-BF4B-00C04F79EFBC}") = "MonteCarlo", "MonteCarlo.csproj", "{7562F9DC-D3AA-4225-98D7-43CED5328C88}"
EndProject
Global
	GlobalSection(SolutionConfigurationPlatforms) = preSolution
		Debug|Any CPU = Debug|Any CPU
		Release|Any CPU = Release|Any CPU
	EndGlobalSection
	GlobalSection(ProjectConfigurationPlatforms) = postSolution
		{7562F9DC-D3AA-4225-98D7-43CED5328C88}.Debug|Any CPU.ActiveCfg = Debug|Any CPU
		{7562F9DC-D3AA-4225-98D7-43CED5328C88}.Debug|Any CPU.Build.0 = Debug|Any CPU
		{7562F9DC-D3AA-4225-98D7-43CED5328C88}.Release|Any CPU.ActiveCfg = Release|Any CPU
		{7562F9DC-D3AA-4225-98D7-43CED5328C88}.Release|Any CPU.Build.0 = Release|Any CPU
	EndGlobalSection
	GlobalSection(SolutionProperties) = preSolution
		HideSolutionNode = FALSE
	EndGlobalSection
	GlobalSection(ExtensibilityGlobals) = postSolution
		SolutionGuid = {BE037724-7A8C-4E7F-98A4-A06085A96D0A}
	EndGlobalSection
EndGlobal
